
Microsoft Visual Studio Solution File, Format Version 11.00
# Visual Studio 2010
Project("{FAE04EC0-301F-11D3-BF4B-00C04F79EFBC}") = "Assembly-CSharp", "Assembly-CSharp.csproj", "{00c7fa1a-4d86-a7c7-36bd-98734b188dc5}"
EndProject
Project("{FAE04EC0-301F-11D3-BF4B-00C04F79EFBC}") = "Assembly-CSharp-Editor", "Assembly-CSharp-Editor.csproj", "{3dc24475-3759-ab09-3618-7dfe78c2d68a}"
EndProject
Global
	GlobalSection(SolutionConfigurationPlatforms) = preSolution
		Debug|Any CPU = Debug|Any CPU
	EndGlobalSection
	GlobalSection(ProjectConfigurationPlatforms) = postSolution
		{00c7fa1a-4d86-a7c7-36bd-98734b188dc5}.Debug|Any CPU.ActiveCfg = Debug|Any CPU
		{00c7fa1a-4d86-a7c7-36bd-98734b188dc5}.Debug|Any CPU.Build.0 = Debug|Any CPU
		{3dc24475-3759-ab09-3618-7dfe78c2d68a}.Debug|Any CPU.ActiveCfg = Debug|Any CPU
		{3dc24475-3759-ab09-3618-7dfe78c2d68a}.Debug|Any CPU.Build.0 = Debug|Any CPU
	EndGlobalSection
	GlobalSection(SolutionProperties) = preSolution
		HideSolutionNode = FALSE
	EndGlobalSection
EndGlobal
